// !$*UTF8*$!
{
	archiveVersion = 1;
	classes = {
	};
	objectVersion = 48;
	objects = {

/* Begin PBXBuildFile section */
		7B4038441F94D51C003B9C33 /* AppDelegate.swift in Sources */ = {isa = PBXBuildFile; fileRef = 7B4038431F94D51C003B9C33 /* AppDelegate.swift */; };
		7B4038461F94D51C003B9C33 /* ViewController.swift in Sources */ = {isa = PBXBuildFile; fileRef = 7B4038451F94D51C003B9C33 /* ViewController.swift */; };
		7B4038491F94D51C003B9C33 /* Main.storyboard in Resources */ = {isa = PBXBuildFile; fileRef = 7B4038471F94D51C003B9C33 /* Main.storyboard */; };
		7B40384B1F94D51C003B9C33 /* Assets.xcassets in Resources */ = {isa = PBXBuildFile; fileRef = 7B40384A1F94D51C003B9C33 /* Assets.xcassets */; };
		7B40384E1F94D51C003B9C33 /* LaunchScreen.storyboard in Resources */ = {isa = PBXBuildFile; fileRef = 7B40384C1F94D51C003B9C33 /* LaunchScreen.storyboard */; };
		7B4038591F94D51C003B9C33 /* JenkinsDemoTests.swift in Sources */ = {isa = PBXBuildFile; fileRef = 7B4038581F94D51C003B9C33 /* JenkinsDemoTests.swift */; };
		7B4038641F94D51C003B9C33 /* JenkinsDemoUITests.swift in Sources */ = {isa = PBXBuildFile; fileRef = 7B4038631F94D51C003B9C33 /* JenkinsDemoUITests.swift */; };
/* End PBXBuildFile section */

/* Begin PBXContainerItemProxy section */
		7B4038551F94D51C003B9C33 /* PBXContainerItemProxy */ = {
			isa = PBXContainerItemProxy;
			containerPortal = 7B4038381F94D51C003B9C33 /* Project object */;
			proxyType = 1;
			remoteGlobalIDString = 7B40383F1F94D51C003B9C33;
			remoteInfo = JenkinsDemo;
		};
		7B4038601F94D51C003B9C33 /* PBXContainerItemProxy */ = {
			isa = PBXContainerItemProxy;
			containerPortal = 7B4038381F94D51C003B9C33 /* Project object */;
			proxyType = 1;
			remoteGlobalIDString = 7B40383F1F94D51C003B9C33;
			remoteInfo = JenkinsDemo;
		};
/* End PBXContainerItemProxy section */

/* Begin PBXFileReference section */
		7B4038401F94D51C003B9C33 /* JenkinsDemo.app */ = {isa = PBXFileReference; explicitFileType = wrapper.application; includeInIndex = 0; path = JenkinsDemo.app; sourceTree = BUILT_PRODUCTS_DIR; };
		7B4038431F94D51C003B9C33 /* AppDelegate.swift */ = {isa = PBXFileReference; lastKnownFileType = sourcecode.swift; path = AppDelegate.swift; sourceTree = "<group>"; };
		7B4038451F94D51C003B9C33 /* ViewController.swift */ = {isa = PBXFileReference; lastKnownFileType = sourcecode.swift; path = ViewController.swift; sourceTree = "<group>"; };
		7B4038481F94D51C003B9C33 /* Base */ = {isa = PBXFileReference; lastKnownFileType = file.storyboard; name = Base; path = Base.lproj/Main.storyboard; sourceTree = "<group>"; };
		7B40384A1F94D51C003B9C33 /* Assets.xcassets */ = {isa = PBXFileReference; lastKnownFileType = folder.assetcatalog; path = Assets.xcassets; sourceTree = "<group>"; };
		7B40384D1F94D51C003B9C33 /* Base */ = {isa = PBXFileReference; lastKnownFileType = file.storyboard; name = Base; path = Base.lproj/LaunchScreen.storyboard; sourceTree = "<group>"; };
		7B40384F1F94D51C003B9C33 /* Info.plist */ = {isa = PBXFileReference; lastKnownFileType = text.plist.xml; path = Info.plist; sourceTree = "<group>"; };
		7B4038541F94D51C003B9C33 /* JenkinsDemoTests.xctest */ = {isa = PBXFileReference; explicitFileType = wrapper.cfbundle; includeInIndex = 0; path = JenkinsDemoTests.xctest; sourceTree = BUILT_PRODUCTS_DIR; };
		7B4038581F94D51C003B9C33 /* JenkinsDemoTests.swift */ = {isa = PBXFileReference; lastKnownFileType = sourcecode.swift; path = JenkinsDemoTests.swift; sourceTree = "<group>"; };
		7B40385A1F94D51C003B9C33 /* Info.plist */ = {isa = PBXFileReference; lastKnownFileType = text.plist.xml; path = Info.plist; sourceTree = "<group>"; };
		7B40385F1F94D51C003B9C33 /* JenkinsDemoUITests.xctest */ = {isa = PBXFileReference; explicitFileType = wrapper.cfbundle; includeInIndex = 0; path = JenkinsDemoUITests.xctest; sourceTree = BUILT_PRODUCTS_DIR; };
		7B4038631F94D51C003B9C33 /* JenkinsDemoUITests.swift */ = {isa = PBXFileReference; lastKnownFileType = sourcecode.swift; path = JenkinsDemoUITests.swift; sourceTree = "<group>"; };
		7B4038651F94D51C003B9C33 /* Info.plist */ = {isa = PBXFileReference; lastKnownFileType = text.plist.xml; path = Info.plist; sourceTree = "<group>"; };
/* End PBXFileReference section */

/* Begin PBXFrameworksBuildPhase section */
		7B40383D1F94D51C003B9C33 /* Frameworks */ = {
			isa = PBXFrameworksBuildPhase;
			buildActionMask = 2147483647;
			files = (
			);
			runOnlyForDeploymentPostprocessing = 0;
		};
		7B4038511F94D51C003B9C33 /* Frameworks */ = {
			isa = PBXFrameworksBuildPhase;
			buildActionMask = 2147483647;
			files = (
			);
			runOnlyForDeploymentPostprocessing = 0;
		};
		7B40385C1F94D51C003B9C33 /* Frameworks */ = {
			isa = PBXFrameworksBuildPhase;
			buildActionMask = 2147483647;
			files = (
			);
			runOnlyForDeploymentPostprocessing = 0;
		};
/* End PBXFrameworksBuildPhase section */

/* Begin PBXGroup section */
		7B4038371F94D51C003B9C33 = {
			isa = PBXGroup;
			children = (
				7B4038421F94D51C003B9C33 /* JenkinsDemo */,
				7B4038571F94D51C003B9C33 /* JenkinsDemoTests */,
				7B4038621F94D51C003B9C33 /* JenkinsDemoUITests */,
				7B4038411F94D51C003B9C33 /* Products */,
			);
			sourceTree = "<group>";
		};
		7B4038411F94D51C003B9C33 /* Products */ = {
			isa = PBXGroup;
			children = (
				7B4038401F94D51C003B9C33 /* JenkinsDemo.app */,
				7B4038541F94D51C003B9C33 /* JenkinsDemoTests.xctest */,
				7B40385F1F94D51C003B9C33 /* JenkinsDemoUITests.xctest */,
			);
			name = Products;
			sourceTree = "<group>";
		};
		7B4038421F94D51C003B9C33 /* JenkinsDemo */ = {
			isa = PBXGroup;
			children = (
				7B4038431F94D51C003B9C33 /* AppDelegate.swift */,
				7B4038451F94D51C003B9C33 /* ViewController.swift */,
				7B4038471F94D51C003B9C33 /* Main.storyboard */,
				7B40384A1F94D51C003B9C33 /* Assets.xcassets */,
				7B40384C1F94D51C003B9C33 /* LaunchScreen.storyboard */,
				7B40384F1F94D51C003B9C33 /* Info.plist */,
			);
			path = JenkinsDemo;
			sourceTree = "<group>";
		};
		7B4038571F94D51C003B9C33 /* JenkinsDemoTests */ = {
			isa = PBXGroup;
			children = (
				7B4038581F94D51C003B9C33 /* JenkinsDemoTests.swift */,
				7B40385A1F94D51C003B9C33 /* Info.plist */,
			);
			path = JenkinsDemoTests;
			sourceTree = "<group>";
		};
		7B4038621F94D51C003B9C33 /* JenkinsDemoUITests */ = {
			isa = PBXGroup;
			children = (
				7B4038631F94D51C003B9C33 /* JenkinsDemoUITests.swift */,
				7B4038651F94D51C003B9C33 /* Info.plist */,
			);
			path = JenkinsDemoUITests;
			sourceTree = "<group>";
		};
/* End PBXGroup section */

/* Begin PBXNativeTarget section */
		7B40383F1F94D51C003B9C33 /* JenkinsDemo */ = {
			isa = PBXNativeTarget;
			buildConfigurationList = 7B4038681F94D51C003B9C33 /* Build configuration list for PBXNativeTarget "JenkinsDemo" */;
			buildPhases = (
				7B40383C1F94D51C003B9C33 /* Sources */,
				7B40383D1F94D51C003B9C33 /* Frameworks */,
				7B40383E1F94D51C003B9C33 /* Resources */,
			);
			buildRules = (
			);
			dependencies = (
			);
			name = JenkinsDemo;
			productName = JenkinsDemo;
			productReference = 7B4038401F94D51C003B9C33 /* JenkinsDemo.app */;
			productType = "com.apple.product-type.application";
		};
		7B4038531F94D51C003B9C33 /* JenkinsDemoTests */ = {
			isa = PBXNativeTarget;
			buildConfigurationList = 7B40386B1F94D51C003B9C33 /* Build configuration list for PBXNativeTarget "JenkinsDemoTests" */;
			buildPhases = (
				7B4038501F94D51C003B9C33 /* Sources */,
				7B4038511F94D51C003B9C33 /* Frameworks */,
				7B4038521F94D51C003B9C33 /* Resources */,
			);
			buildRules = (
			);
			dependencies = (
				7B4038561F94D51C003B9C33 /* PBXTargetDependency */,
			);
			name = JenkinsDemoTests;
			productName = JenkinsDemoTests;
			productReference = 7B4038541F94D51C003B9C33 /* JenkinsDemoTests.xctest */;
			productType = "com.apple.product-type.bundle.unit-test";
		};
		7B40385E1F94D51C003B9C33 /* JenkinsDemoUITests */ = {
			isa = PBXNativeTarget;
			buildConfigurationList = 7B40386E1F94D51C003B9C33 /* Build configuration list for PBXNativeTarget "JenkinsDemoUITests" */;
			buildPhases = (
				7B40385B1F94D51C003B9C33 /* Sources */,
				7B40385C1F94D51C003B9C33 /* Frameworks */,
				7B40385D1F94D51C003B9C33 /* Resources */,
			);
			buildRules = (
			);
			dependencies = (
				7B4038611F94D51C003B9C33 /* PBXTargetDependency */,
			);
			name = JenkinsDemoUITests;
			productName = JenkinsDemoUITests;
			productReference = 7B40385F1F94D51C003B9C33 /* JenkinsDemoUITests.xctest */;
			productType = "com.apple.product-type.bundle.ui-testing";
		};
/* End PBXNativeTarget section */

/* Begin PBXProject section */
		7B4038381F94D51C003B9C33 /* Project object */ = {
			isa = PBXProject;
			attributes = {
				LastSwiftUpdateCheck = 0900;
				LastUpgradeCheck = 0900;
				ORGANIZATIONNAME = wanghui;
				TargetAttributes = {
					7B40383F1F94D51C003B9C33 = {
						CreatedOnToolsVersion = 9.0;
						ProvisioningStyle = Manual;
					};
					7B4038531F94D51C003B9C33 = {
						CreatedOnToolsVersion = 9.0;
						ProvisioningStyle = Automatic;
						TestTargetID = 7B40383F1F94D51C003B9C33;
					};
					7B40385E1F94D51C003B9C33 = {
						CreatedOnToolsVersion = 9.0;
						ProvisioningStyle = Automatic;
						TestTargetID = 7B40383F1F94D51C003B9C33;
					};
				};
			};
			buildConfigurationList = 7B40383B1F94D51C003B9C33 /* Build configuration list for PBXProject "JenkinsDemo" */;
			compatibilityVersion = "Xcode 8.0";
			developmentRegion = en;
			hasScannedForEncodings = 0;
			knownRegions = (
				en,
				Base,
			);
			mainGroup = 7B4038371F94D51C003B9C33;
			productRefGroup = 7B4038411F94D51C003B9C33 /* Products */;
			projectDirPath = "";
			projectRoot = "";
			targets = (
				7B40383F1F94D51C003B9C33 /* JenkinsDemo */,
				7B4038531F94D51C003B9C33 /* JenkinsDemoTests */,
				7B40385E1F94D51C003B9C33 /* JenkinsDemoUITests */,
			);
		};
/* End PBXProject section */

/* Begin PBXResourcesBuildPhase section */
		7B40383E1F94D51C003B9C33 /* Resources */ = {
			isa = PBXResourcesBuildPhase;
			buildActionMask = 2147483647;
			files = (
				7B40384E1F94D51C003B9C33 /* LaunchScreen.storyboard in Resources */,
				7B40384B1F94D51C003B9C33 /* Assets.xcassets in Resources */,
				7B4038491F94D51C003B9C33 /* Main.storyboard in Resources */,
			);
			runOnlyForDeploymentPostprocessing = 0;
		};
		7B4038521F94D51C003B9C33 /* Resources */ = {
			isa = PBXResourcesBuildPhase;
			buildActionMask = 2147483647;
			files = (
			);
			runOnlyForDeploymentPostprocessing = 0;
		};
		7B40385D1F94D51C003B9C33 /* Resources */ = {
			isa = PBXResourcesBuildPhase;
			buildActionMask = 2147483647;
			files = (
			);
			runOnlyForDeploymentPostprocessing = 0;
		};
/* End PBXResourcesBuildPhase section */

/* Begin PBXSourcesBuildPhase section */
		7B40383C1F94D51C003B9C33 /* Sources */ = {
			isa = PBXSourcesBuildPhase;
			buildActionMask = 2147483647;
			files = (
				7B4038461F94D51C003B9C33 /* ViewController.swift in Sources */,
				7B4038441F94D51C003B9C33 /* AppDelegate.swift in Sources */,
			);
			runOnlyForDeploymentPostprocessing = 0;
		};
		7B4038501F94D51C003B9C33 /* Sources */ = {
			isa = PBXSourcesBuildPhase;
			buildActionMask = 2147483647;
			files = (
				7B4038591F94D51C003B9C33 /* JenkinsDemoTests.swift in Sources */,
			);
			runOnlyForDeploymentPostprocessing = 0;
		};
		7B40385B1F94D51C003B9C33 /* Sources */ = {
			isa = PBXSourcesBuildPhase;
			buildActionMask = 2147483647;
			files = (
				7B4038641F94D51C003B9C33 /* JenkinsDemoUITests.swift in Sources */,
			);
			runOnlyForDeploymentPostprocessing = 0;
		};
/* End PBXSourcesBuildPhase section */

/* Begin PBXTargetDependency section */
		7B4038561F94D51C003B9C33 /* PBXTargetDependency */ = {
			isa = PBXTargetDependency;
			target = 7B40383F1F94D51C003B9C33 /* JenkinsDemo */;
			targetProxy = 7B4038551F94D51C003B9C33 /* PBXContainerItemProxy */;
		};
		7B4038611F94D51C003B9C33 /* PBXTargetDependency */ = {
			isa = PBXTargetDependency;
			target = 7B40383F1F94D51C003B9C33 /* JenkinsDemo */;
			targetProxy = 7B4038601F94D51C003B9C33 /* PBXContainerItemProxy */;
		};
/* End PBXTargetDependency section */

/* Begin PBXVariantGroup section */
		7B4038471F94D51C003B9C33 /* Main.storyboard */ = {
			isa = PBXVariantGroup;
			children = (
				7B4038481F94D51C003B9C33 /* Base */,
			);
			name = Main.storyboard;
			sourceTree = "<group>";
		};
		7B40384C1F94D51C003B9C33 /* LaunchScreen.storyboard */ = {
			isa = PBXVariantGroup;
			children = (
				7B40384D1F94D51C003B9C33 /* Base */,
			);
			name = LaunchScreen.storyboard;
			sourceTree = "<group>";
		};
/* End PBXVariantGroup section */

/* Begin XCBuildConfiguration section */
		7B4038661F94D51C003B9C33 /* Debug */ = {
			isa = XCBuildConfiguration;
			buildSettings = {
				ALWAYS_SEARCH_USER_PATHS = NO;
				CLANG_ANALYZER_NONNULL = YES;
				CLANG_ANALYZER_NUMBER_OBJECT_CONVERSION = YES_AGGRESSIVE;
				CLANG_CXX_LANGUAGE_STANDARD = "gnu++14";
				CLANG_CXX_LIBRARY = "libc++";
				CLANG_ENABLE_MODULES = YES;
				CLANG_ENABLE_OBJC_ARC = YES;
				CLANG_WARN_BLOCK_CAPTURE_AUTORELEASING = YES;
				CLANG_WARN_BOOL_CONVERSION = YES;
				CLANG_WARN_COMMA = YES;
				CLANG_WARN_CONSTANT_CONVERSION = YES;
				CLANG_WARN_DIRECT_OBJC_ISA_USAGE = YES_ERROR;
				CLANG_WARN_DOCUMENTATION_COMMENTS = YES;
				CLANG_WARN_EMPTY_BODY = YES;
				CLANG_WARN_ENUM_CONVERSION = YES;
				CLANG_WARN_INFINITE_RECURSION = YES;
				CLANG_WARN_INT_CONVERSION = YES;
				CLANG_WARN_NON_LITERAL_NULL_CONVERSION = YES;
				CLANG_WARN_OBJC_LITERAL_CONVERSION = YES;
				CLANG_WARN_OBJC_ROOT_CLASS = YES_ERROR;
				CLANG_WARN_RANGE_LOOP_ANALYSIS = YES;
				CLANG_WARN_STRICT_PROTOTYPES = YES;
				CLANG_WARN_SUSPICIOUS_MOVE = YES;
				CLANG_WARN_UNGUARDED_AVAILABILITY = YES_AGGRESSIVE;
				CLANG_WARN_UNREACHABLE_CODE = YES;
				CLANG_WARN__DUPLICATE_METHOD_MATCH = YES;
				CODE_SIGN_IDENTITY = "iPhone Developer";
				COPY_PHASE_STRIP = NO;
				DEBUG_INFORMATION_FORMAT = dwarf;
				ENABLE_STRICT_OBJC_MSGSEND = YES;
				ENABLE_TESTABILITY = YES;
				GCC_C_LANGUAGE_STANDARD = gnu11;
				GCC_DYNAMIC_NO_PIC = NO;
				GCC_NO_COMMON_BLOCKS = YES;
				GCC_OPTIMIZATION_LEVEL = 0;
				GCC_PREPROCESSOR_DEFINITIONS = (
					"DEBUG=1",
					"$(inherited)",
				);
				GCC_WARN_64_TO_32_BIT_CONVERSION = YES;
				GCC_WARN_ABOUT_RETURN_TYPE = YES_ERROR;
				GCC_WARN_UNDECLARED_SELECTOR = YES;
				GCC_WARN_UNINITIALIZED_AUTOS = YES_AGGRESSIVE;
				GCC_WARN_UNUSED_FUNCTION = YES;
				GCC_WARN_UNUSED_VARIABLE = YES;
				IPHONEOS_DEPLOYMENT_TARGET = 9.2;
				MTL_ENABLE_DEBUG_INFO = YES;
				ONLY_ACTIVE_ARCH = YES;
				SDKROOT = iphoneos;
				SWIFT_ACTIVE_COMPILATION_CONDITIONS = DEBUG;
				SWIFT_OPTIMIZATION_LEVEL = "-Onone";
			};
			name = Debug;
		};
		7B4038671F94D51C003B9C33 /* Release */ = {
			isa = XCBuildConfiguration;
			buildSettings = {
				ALWAYS_SEARCH_USER_PATHS = NO;
				CLANG_ANALYZER_NONNULL = YES;
				CLANG_ANALYZER_NUMBER_OBJECT_CONVERSION = YES_AGGRESSIVE;
				CLANG_CXX_LANGUAGE_STANDARD = "gnu++14";
				CLANG_CXX_LIBRARY = "libc++";
				CLANG_ENABLE_MODULES = YES;
				CLANG_ENABLE_OBJC_ARC = YES;
				CLANG_WARN_BLOCK_CAPTURE_AUTORELEASING = YES;
				CLANG_WARN_BOOL_CONVERSION = YES;
				CLANG_WARN_COMMA = YES;
				CLANG_WARN_CONSTANT_CONVERSION = YES;
				CLANG_WARN_DIRECT_OBJC_ISA_USAGE = YES_ERROR;
				CLANG_WARN_DOCUMENTATION_COMMENTS = YES;
				CLANG_WARN_EMPTY_BODY = YES;
				CLANG_WARN_ENUM_CONVERSION = YES;
				CLANG_WARN_INFINITE_RECURSION = YES;
				CLANG_WARN_INT_CONVERSION = YES;
				CLANG_WARN_NON_LITERAL_NULL_CONVERSION = YES;
				CLANG_WARN_OBJC_LITERAL_CONVERSION = YES;
				CLANG_WARN_OBJC_ROOT_CLASS = YES_ERROR;
				CLANG_WARN_RANGE_LOOP_ANALYSIS = YES;
				CLANG_WARN_STRICT_PROTOTYPES = YES;
				CLANG_WARN_SUSPICIOUS_MOVE = YES;
				CLANG_WARN_UNGUARDED_AVAILABILITY = YES_AGGRESSIVE;
				CLANG_WARN_UNREACHABLE_CODE = YES;
				CLANG_WARN__DUPLICATE_METHOD_MATCH = YES;
				CODE_SIGN_IDENTITY = "iPhone Developer";
				COPY_PHASE_STRIP = NO;
				DEBUG_INFORMATION_FORMAT = "dwarf-with-dsym";
				ENABLE_NS_ASSERTIONS = NO;
				ENABLE_STRICT_OBJC_MSGSEND = YES;
				GCC_C_LANGUAGE_STANDARD = gnu11;
				GCC_NO_COMMON_BLOCKS = YES;
				GCC_WARN_64_TO_32_BIT_CONVERSION = YES;
				GCC_WARN_ABOUT_RETURN_TYPE = YES_ERROR;
				GCC_WARN_UNDECLARED_SELECTOR = YES;
				GCC_WARN_UNINITIALIZED_AUTOS = YES_AGGRESSIVE;
				GCC_WARN_UNUSED_FUNCTION = YES;
				GCC_WARN_UNUSED_VARIABLE = YES;
				IPHONEOS_DEPLOYMENT_TARGET = 9.2;
				MTL_ENABLE_DEBUG_INFO = NO;
				SDKROOT = iphoneos;
				SWIFT_OPTIMIZATION_LEVEL = "-Owholemodule";
				VALIDATE_PRODUCT = YES;
			};
			name = Release;
		};
		7B4038691F94D51C003B9C33 /* Debug */ = {
			isa = XCBuildConfiguration;
			buildSettings = {
				ASSETCATALOG_COMPILER_APPICON_NAME = AppIcon;
				CODE_SIGN_IDENTITY = "iPhone Developer: tom tom (23HB89JU22)";
				"CODE_SIGN_IDENTITY[sdk=iphoneos*]" = "iPhone Developer: tom tom (23HB89JU22)";
				CODE_SIGN_STYLE = Manual;
				DEVELOPMENT_TEAM = U385YHRS6M;
				INFOPLIST_FILE = JenkinsDemo/Info.plist;
				LD_RUNPATH_SEARCH_PATHS = "$(inherited) @executable_path/Frameworks";
				PRODUCT_BUNDLE_IDENTIFIER = com.aldelo.ios.aldeloexpress;
				PRODUCT_NAME = "$(TARGET_NAME)";
				PROVISIONING_PROFILE = "";
				PROVISIONING_PROFILE_SPECIFIER = "7db9b452-88fd-454e-8552-8bef5c7c023c";
				SWIFT_VERSION = 4.0;
				TARGETED_DEVICE_FAMILY = "1,2";
			};
			name = Debug;
		};
		7B40386A1F94D51C003B9C33 /* Release */ = {
			isa = XCBuildConfiguration;
			buildSettings = {
				ASSETCATALOG_COMPILER_APPICON_NAME = AppIcon;
				CODE_SIGN_IDENTITY = "iPhone Developer: tom tom (23HB89JU22)";
				"CODE_SIGN_IDENTITY[sdk=iphoneos*]" = "iPhone Developer: tom tom (23HB89JU22)";
				CODE_SIGN_STYLE = Manual;
				DEVELOPMENT_TEAM = U385YHRS6M;
				INFOPLIST_FILE = JenkinsDemo/Info.plist;
				LD_RUNPATH_SEARCH_PATHS = "$(inherited) @executable_path/Frameworks";
				PRODUCT_BUNDLE_IDENTIFIER = com.aldelo.ios.aldeloexpress;
				PRODUCT_NAME = "$(TARGET_NAME)";
				PROVISIONING_PROFILE = "";
				PROVISIONING_PROFILE_SPECIFIER = "b27b06f0-f38a-45f7-9902-28efeeb59fb2";
				SWIFT_VERSION = 4.0;
				TARGETED_DEVICE_FAMILY = "1,2";
			};
			name = Release;
		};
		7B40386C1F94D51C003B9C33 /* Debug */ = {
			isa = XCBuildConfiguration;
			buildSettings = {
				ALWAYS_EMBED_SWIFT_STANDARD_LIBRARIES = YES;
				BUNDLE_LOADER = "$(TEST_HOST)";
				CODE_SIGN_STYLE = Automatic;
				DEVELOPMENT_TEAM = 545W58CUYU;
				INFOPLIST_FILE = JenkinsDemoTests/Info.plist;
				LD_RUNPATH_SEARCH_PATHS = "$(inherited) @executable_path/Frameworks @loader_path/Frameworks";
				PRODUCT_BUNDLE_IDENTIFIER = com.wanghui.JenkinsDemoTests;
				PRODUCT_NAME = "$(TARGET_NAME)";
				SWIFT_VERSION = 4.0;
				TARGETED_DEVICE_FAMILY = "1,2";
				TEST_HOST = "$(BUILT_PRODUCTS_DIR)/JenkinsDemo.app/JenkinsDemo";
			};
			name = Debug;
		};
		7B40386D1F94D51C003B9C33 /* Release */ = {
			isa = XCBuildConfiguration;
			buildSettings = {
				ALWAYS_EMBED_SWIFT_STANDARD_LIBRARIES = YES;
				BUNDLE_LOADER = "$(TEST_HOST)";
				CODE_SIGN_STYLE = Automatic;
				DEVELOPMENT_TEAM = 545W58CUYU;
				INFOPLIST_FILE = JenkinsDemoTests/Info.plist;
				LD_RUNPATH_SEARCH_PATHS = "$(inherited) @executable_path/Frameworks @loader_path/Frameworks";
				PRODUCT_BUNDLE_IDENTIFIER = com.wanghui.JenkinsDemoTests;
				PRODUCT_NAME = "$(TARGET_NAME)";
				SWIFT_VERSION = 4.0;
				TARGETED_DEVICE_FAMILY = "1,2";
				TEST_HOST = "$(BUILT_PRODUCTS_DIR)/JenkinsDemo.app/JenkinsDemo";
			};
			name = Release;
		};
		7B40386F1F94D51C003B9C33 /* Debug */ = {
			isa = XCBuildConfiguration;
			buildSettings = {
				ALWAYS_EMBED_SWIFT_STANDARD_LIBRARIES = YES;
				CODE_SIGN_STYLE = Automatic;
				DEVELOPMENT_TEAM = 545W58CUYU;
				INFOPLIST_FILE = JenkinsDemoUITests/Info.plist;
				LD_RUNPATH_SEARCH_PATHS = "$(inherited) @executable_path/Frameworks @loader_path/Frameworks";
				PRODUCT_BUNDLE_IDENTIFIER = com.wanghui.JenkinsDemoUITests;
				PRODUCT_NAME = "$(TARGET_NAME)";
				SWIFT_VERSION = 4.0;
				TARGETED_DEVICE_FAMILY = "1,2";
				TEST_TARGET_NAME = JenkinsDemo;
			};
			name = Debug;
		};
		7B4038701F94D51C003B9C33 /* Release */ = {
			isa = XCBuildConfiguration;
			buildSettings = {
				ALWAYS_EMBED_SWIFT_STANDARD_LIBRARIES = YES;
				CODE_SIGN_STYLE = Automatic;
				DEVELOPMENT_TEAM = 545W58CUYU;
				INFOPLIST_FILE = JenkinsDemoUITests/Info.plist;
				LD_RUNPATH_SEARCH_PATHS = "$(inherited) @executable_path/Frameworks @loader_path/Frameworks";
				PRODUCT_BUNDLE_IDENTIFIER = com.wanghui.JenkinsDemoUITests;
				PRODUCT_NAME = "$(TARGET_NAME)";
				SWIFT_VERSION = 4.0;
				TARGETED_DEVICE_FAMILY = "1,2";
				TEST_TARGET_NAME = JenkinsDemo;
			};
			name = Release;
		};
/* End XCBuildConfiguration section */

/* Begin XCConfigurationList section */
		7B40383B1F94D51C003B9C33 /* Build configuration list for PBXProject "JenkinsDemo" */ = {
			isa = XCConfigurationList;
			buildConfigurations = (
				7B4038661F94D51C003B9C33 /* Debug */,
				7B4038671F94D51C003B9C33 /* Release */,
			);
			defaultConfigurationIsVisible = 0;
			defaultConfigurationName = Release;
		};
		7B4038681F94D51C003B9C33 /* Build configuration list for PBXNativeTarget "JenkinsDemo" */ = {
			isa = XCConfigurationList;
			buildConfigurations = (
				7B4038691F94D51C003B9C33 /* Debug */,
				7B40386A1F94D51C003B9C33 /* Release */,
			);
			defaultConfigurationIsVisible = 0;
			defaultConfigurationName = Release;
		};
		7B40386B1F94D51C003B9C33 /* Build configuration list for PBXNativeTarget "JenkinsDemoTests" */ = {
			isa = XCConfigurationList;
			buildConfigurations = (
				7B40386C1F94D51C003B9C33 /* Debug */,
				7B40386D1F94D51C003B9C33 /* Release */,
			);
			defaultConfigurationIsVisible = 0;
			defaultConfigurationName = Release;
		};
		7B40386E1F94D51C003B9C33 /* Build configuration list for PBXNativeTarget "JenkinsDemoUITests" */ = {
			isa = XCConfigurationList;
			buildConfigurations = (
				7B40386F1F94D51C003B9C33 /* Debug */,
				7B4038701F94D51C003B9C33 /* Release */,
			);
			defaultConfigurationIsVisible = 0;
			defaultConfigurationName = Release;
		};
/* End XCConfigurationList section */
	};
	rootObject = 7B4038381F94D51C003B9C33 /* Project object */;
}
